{
  "name": "rp2040js-circuitpython",
  "version": "1.0.0",
  "lockfileVersion": 1,
  "requires": true,
  "dependencies": {
    "rp2040js": {
      "version": "0.12.0",
      "resolved": "https://registry.npmjs.org/rp2040js/-/rp2040js-0.12.0.tgz",
      "integrity": "sha512-qOT/SsRdcK1+5LKufi6is9Oj93ij2/ET8fy9FrjouYfdErsg0bYtXqsVBaGQwKkyDdypYHSaMIbaW5xvWHInRQ=="
    },
    "uf2": {
      "version": "1.0.0",
      "resolved": "https://registry.npmjs.org/uf2/-/uf2-1.0.0.tgz",
      "integrity": "sha512-eLBWi1GZ2UJUOiaDctEXsBdMKZvauitLfDtyumu8L3amkfurOJWbI505crvCeyyXK+4gm12jpImkCALgaM8kig=="
    }
  }
}
